// !$*UTF8*$!
{
	archiveVersion = 1;
	classes = {
	};
	objectVersion = 56;
	objects = {

/* Begin PBXBuildFile section */
		A01EEBA22DFBC8CB007A207C /* wanandroidApp.swift in Sources */ = {isa = PBXBuildFile; fileRef = A01EEBA12DFBC8CB007A207C /* wanandroidApp.swift */; };
		A01EEBA42DFBC8CB007A207C /* ContentView.swift in Sources */ = {isa = PBXBuildFile; fileRef = A01EEBA32DFBC8CB007A207C /* ContentView.swift */; };
		A01EEBA62DFBC8CD007A207C /* Assets.xcassets in Resources */ = {isa = PBXBuildFile; fileRef = A01EEBA52DFBC8CD007A207C /* Assets.xcassets */; };
		A01EEBA92DFBC8CD007A207C /* Preview Assets.xcassets in Resources */ = {isa = PBXBuildFile; fileRef = A01EEBA82DFBC8CD007A207C /* Preview Assets.xcassets */; };
		A01EEBB32DFBC8CE007A207C /* wanandroidTests.swift in Sources */ = {isa = PBXBuildFile; fileRef = A01EEBB22DFBC8CE007A207C /* wanandroidTests.swift */; };
		A01EEBBD2DFBC8CE007A207C /* wanandroidUITests.swift in Sources */ = {isa = PBXBuildFile; fileRef = A01EEBBC2DFBC8CE007A207C /* wanandroidUITests.swift */; };
		A01EEBBF2DFBC8CE007A207C /* wanandroidUITestsLaunchTests.swift in Sources */ = {isa = PBXBuildFile; fileRef = A01EEBBE2DFBC8CE007A207C /* wanandroidUITestsLaunchTests.swift */; };
		A08FDA932DFBF3F300945834 /* HomeView.swift in Sources */ = {isa = PBXBuildFile; fileRef = A08FDA922DFBF3F300945834 /* HomeView.swift */; };
		A08FDA952DFBF66500945834 /* SquareView.swift in Sources */ = {isa = PBXBuildFile; fileRef = A08FDA942DFBF66500945834 /* SquareView.swift */; };
		A08FDA972DFBF6A700945834 /* WeChatView.swift in Sources */ = {isa = PBXBuildFile; fileRef = A08FDA962DFBF6A700945834 /* WeChatView.swift */; };
		A08FDA9B2DFBF6CC00945834 /* ProjectView.swift in Sources */ = {isa = PBXBuildFile; fileRef = A08FDA9A2DFBF6CC00945834 /* ProjectView.swift */; };
		A08FDA9D2DFBFC3900945834 /* HomeViewModel.swift in Sources */ = {isa = PBXBuildFile; fileRef = A08FDA9C2DFBFC3900945834 /* HomeViewModel.swift */; };
		A08FDAA12DFBFCEB00945834 /* Constant.swift in Sources */ = {isa = PBXBuildFile; fileRef = A08FDAA02DFBFCEB00945834 /* Constant.swift */; };
		A08FDAA52DFBFEAE00945834 /* BaseResponse.swift in Sources */ = {isa = PBXBuildFile; fileRef = A08FDAA42DFBFEAE00945834 /* BaseResponse.swift */; };
		A08FDAA72DFC048E00945834 /* ArticleWrap.swift in Sources */ = {isa = PBXBuildFile; fileRef = A08FDAA62DFC048E00945834 /* ArticleWrap.swift */; };
		A08FDAAB2DFC09B700945834 /* Alamofire in Frameworks */ = {isa = PBXBuildFile; productRef = A08FDAAA2DFC09B700945834 /* Alamofire */; };
		A08FDAB02DFC2F0700945834 /* Banner.swift in Sources */ = {isa = PBXBuildFile; fileRef = A08FDAAF2DFC2F0700945834 /* Banner.swift */; };
		A08FDAB32DFC30A700945834 /* NukeUI in Frameworks */ = {isa = PBXBuildFile; productRef = A08FDAB22DFC30A700945834 /* NukeUI */; };
		A08FDAB62DFFE54300945834 /* ArticleView.swift in Sources */ = {isa = PBXBuildFile; fileRef = A08FDAB52DFFE54300945834 /* ArticleView.swift */; };
		A091A7232DFFF8EF0047330C /* AFViewModel.swift in Sources */ = {isa = PBXBuildFile; fileRef = A091A7222DFFF8EF0047330C /* AFViewModel.swift */; };
		A091A7252DFFFBD60047330C /* ArticleViewModel.swift in Sources */ = {isa = PBXBuildFile; fileRef = A091A7242DFFFBD60047330C /* ArticleViewModel.swift */; };
		A091A7272E0003950047330C /* LoginView.swift in Sources */ = {isa = PBXBuildFile; fileRef = A091A7262E0003950047330C /* LoginView.swift */; };
		A091A7292E0010CD0047330C /* LoginViewModel.swift in Sources */ = {isa = PBXBuildFile; fileRef = A091A7282E0010CD0047330C /* LoginViewModel.swift */; };
		A091A72D2E0016190047330C /* UserModel.swift in Sources */ = {isa = PBXBuildFile; fileRef = A091A72C2E0016190047330C /* UserModel.swift */; };
		A091A7322E00219C0047330C /* LoginReq.swift in Sources */ = {isa = PBXBuildFile; fileRef = A091A7312E00219C0047330C /* LoginReq.swift */; };
		A091A7342E0021B30047330C /* Extension.swift in Sources */ = {isa = PBXBuildFile; fileRef = A091A7332E0021B30047330C /* Extension.swift */; };
		A091A7362E0027350047330C /* RegisterReq.swift in Sources */ = {isa = PBXBuildFile; fileRef = A091A7352E0027350047330C /* RegisterReq.swift */; };
		A091A7382E0151960047330C /* AccountManager.swift in Sources */ = {isa = PBXBuildFile; fileRef = A091A7372E0151960047330C /* AccountManager.swift */; };
		A091A73A2E0158800047330C /* ArticleDetailView.swift in Sources */ = {isa = PBXBuildFile; fileRef = A091A7392E0158800047330C /* ArticleDetailView.swift */; };
		A091A73C2E01589A0047330C /* WebView.swift in Sources */ = {isa = PBXBuildFile; fileRef = A091A73B2E01589A0047330C /* WebView.swift */; };
		A091A73E2E0168110047330C /* SlideOutMenu.swift in Sources */ = {isa = PBXBuildFile; fileRef = A091A73D2E0168110047330C /* SlideOutMenu.swift */; };
		A091A7402E02A5C70047330C /* WechatViewModel.swift in Sources */ = {isa = PBXBuildFile; fileRef = A091A73F2E02A5C70047330C /* WechatViewModel.swift */; };
		A091A7422E02A6B60047330C /* CategoryModel.swift in Sources */ = {isa = PBXBuildFile; fileRef = A091A7412E02A6B60047330C /* CategoryModel.swift */; };
		A091A7442E02B83D0047330C /* ProjectViewModel.swift in Sources */ = {isa = PBXBuildFile; fileRef = A091A7432E02B83D0047330C /* ProjectViewModel.swift */; };
		A091A7462E02BB620047330C /* RankView.swift in Sources */ = {isa = PBXBuildFile; fileRef = A091A7452E02BB620047330C /* RankView.swift */; };
		A091A7482E03E61B0047330C /* ToastManager.swift in Sources */ = {isa = PBXBuildFile; fileRef = A091A7472E03E61B0047330C /* ToastManager.swift */; };
		A091A74A2E03E62B0047330C /* AlertManager.swift in Sources */ = {isa = PBXBuildFile; fileRef = A091A7492E03E62B0047330C /* AlertManager.swift */; };
		A091A74D2E03E76C0047330C /* ToastViewModifier.swift in Sources */ = {isa = PBXBuildFile; fileRef = A091A74C2E03E76C0047330C /* ToastViewModifier.swift */; };
/* End PBXBuildFile section */

/* Begin PBXContainerItemProxy section */
		A01EEBAF2DFBC8CE007A207C /* PBXContainerItemProxy */ = {
			isa = PBXContainerItemProxy;
			containerPortal = A01EEB962DFBC8CB007A207C /* Project object */;
			proxyType = 1;
			remoteGlobalIDString = A01EEB9D2DFBC8CB007A207C;
			remoteInfo = wanandroid;
		};
		A01EEBB92DFBC8CE007A207C /* PBXContainerItemProxy */ = {
			isa = PBXContainerItemProxy;
			containerPortal = A01EEB962DFBC8CB007A207C /* Project object */;
			proxyType = 1;
			remoteGlobalIDString = A01EEB9D2DFBC8CB007A207C;
			remoteInfo = wanandroid;
		};
/* End PBXContainerItemProxy section */

/* Begin PBXFileReference section */
		A01EEB9E2DFBC8CB007A207C /* wanandroid.app */ = {isa = PBXFileReference; explicitFileType = wrapper.application; includeInIndex = 0; path = wanandroid.app; sourceTree = BUILT_PRODUCTS_DIR; };
		A01EEBA12DFBC8CB007A207C /* wanandroidApp.swift */ = {isa = PBXFileReference; lastKnownFileType = sourcecode.swift; path = wanandroidApp.swift; sourceTree = "<group>"; };
		A01EEBA32DFBC8CB007A207C /* ContentView.swift */ = {isa = PBXFileReference; lastKnownFileType = sourcecode.swift; path = ContentView.swift; sourceTree = "<group>"; };
		A01EEBA52DFBC8CD007A207C /* Assets.xcassets */ = {isa = PBXFileReference; lastKnownFileType = folder.assetcatalog; path = Assets.xcassets; sourceTree = "<group>"; };
		A01EEBA82DFBC8CD007A207C /* Preview Assets.xcassets */ = {isa = PBXFileReference; lastKnownFileType = folder.assetcatalog; path = "Preview Assets.xcassets"; sourceTree = "<group>"; };
		A01EEBAE2DFBC8CE007A207C /* wanandroidTests.xctest */ = {isa = PBXFileReference; explicitFileType = wrapper.cfbundle; includeInIndex = 0; path = wanandroidTests.xctest; sourceTree = BUILT_PRODUCTS_DIR; };
		A01EEBB22DFBC8CE007A207C /* wanandroidTests.swift */ = {isa = PBXFileReference; lastKnownFileType = sourcecode.swift; path = wanandroidTests.swift; sourceTree = "<group>"; };
		A01EEBB82DFBC8CE007A207C /* wanandroidUITests.xctest */ = {isa = PBXFileReference; explicitFileType = wrapper.cfbundle; includeInIndex = 0; path = wanandroidUITests.xctest; sourceTree = BUILT_PRODUCTS_DIR; };
		A01EEBBC2DFBC8CE007A207C /* wanandroidUITests.swift */ = {isa = PBXFileReference; lastKnownFileType = sourcecode.swift; path = wanandroidUITests.swift; sourceTree = "<group>"; };
		A01EEBBE2DFBC8CE007A207C /* wanandroidUITestsLaunchTests.swift */ = {isa = PBXFileReference; lastKnownFileType = sourcecode.swift; path = wanandroidUITestsLaunchTests.swift; sourceTree = "<group>"; };
		A08FDA922DFBF3F300945834 /* HomeView.swift */ = {isa = PBXFileReference; lastKnownFileType = sourcecode.swift; path = HomeView.swift; sourceTree = "<group>"; };
		A08FDA942DFBF66500945834 /* SquareView.swift */ = {isa = PBXFileReference; lastKnownFileType = sourcecode.swift; path = SquareView.swift; sourceTree = "<group>"; };
		A08FDA962DFBF6A700945834 /* WeChatView.swift */ = {isa = PBXFileReference; lastKnownFileType = sourcecode.swift; path = WeChatView.swift; sourceTree = "<group>"; };
		A08FDA9A2DFBF6CC00945834 /* ProjectView.swift */ = {isa = PBXFileReference; lastKnownFileType = sourcecode.swift; path = ProjectView.swift; sourceTree = "<group>"; };
		A08FDA9C2DFBFC3900945834 /* HomeViewModel.swift */ = {isa = PBXFileReference; lastKnownFileType = sourcecode.swift; path = HomeViewModel.swift; sourceTree = "<group>"; };
		A08FDAA02DFBFCEB00945834 /* Constant.swift */ = {isa = PBXFileReference; lastKnownFileType = sourcecode.swift; path = Constant.swift; sourceTree = "<group>"; };
		A08FDAA42DFBFEAE00945834 /* BaseResponse.swift */ = {isa = PBXFileReference; lastKnownFileType = sourcecode.swift; path = BaseResponse.swift; sourceTree = "<group>"; };
		A08FDAA62DFC048E00945834 /* ArticleWrap.swift */ = {isa = PBXFileReference; lastKnownFileType = sourcecode.swift; path = ArticleWrap.swift; sourceTree = "<group>"; };
		A08FDAAF2DFC2F0700945834 /* Banner.swift */ = {isa = PBXFileReference; lastKnownFileType = sourcecode.swift; path = Banner.swift; sourceTree = "<group>"; };
		A08FDAB52DFFE54300945834 /* ArticleView.swift */ = {isa = PBXFileReference; lastKnownFileType = sourcecode.swift; path = ArticleView.swift; sourceTree = "<group>"; };
		A091A7222DFFF8EF0047330C /* AFViewModel.swift */ = {isa = PBXFileReference; lastKnownFileType = sourcecode.swift; path = AFViewModel.swift; sourceTree = "<group>"; };
		A091A7242DFFFBD60047330C /* ArticleViewModel.swift */ = {isa = PBXFileReference; lastKnownFileType = sourcecode.swift; path = ArticleViewModel.swift; sourceTree = "<group>"; };
		A091A7262E0003950047330C /* LoginView.swift */ = {isa = PBXFileReference; lastKnownFileType = sourcecode.swift; path = LoginView.swift; sourceTree = "<group>"; };
		A091A7282E0010CD0047330C /* LoginViewModel.swift */ = {isa = PBXFileReference; lastKnownFileType = sourcecode.swift; path = LoginViewModel.swift; sourceTree = "<group>"; };
		A091A72C2E0016190047330C /* UserModel.swift */ = {isa = PBXFileReference; lastKnownFileType = sourcecode.swift; path = UserModel.swift; sourceTree = "<group>"; };
		A091A7312E00219C0047330C /* LoginReq.swift */ = {isa = PBXFileReference; lastKnownFileType = sourcecode.swift; path = LoginReq.swift; sourceTree = "<group>"; };
		A091A7332E0021B30047330C /* Extension.swift */ = {isa = PBXFileReference; lastKnownFileType = sourcecode.swift; path = Extension.swift; sourceTree = "<group>"; };
		A091A7352E0027350047330C /* RegisterReq.swift */ = {isa = PBXFileReference; lastKnownFileType = sourcecode.swift; path = RegisterReq.swift; sourceTree = "<group>"; };
		A091A7372E0151960047330C /* AccountManager.swift */ = {isa = PBXFileReference; lastKnownFileType = sourcecode.swift; path = AccountManager.swift; sourceTree = "<group>"; };
		A091A7392E0158800047330C /* ArticleDetailView.swift */ = {isa = PBXFileReference; lastKnownFileType = sourcecode.swift; path = ArticleDetailView.swift; sourceTree = "<group>"; };
		A091A73B2E01589A0047330C /* WebView.swift */ = {isa = PBXFileReference; lastKnownFileType = sourcecode.swift; path = WebView.swift; sourceTree = "<group>"; };
		A091A73D2E0168110047330C /* SlideOutMenu.swift */ = {isa = PBXFileReference; lastKnownFileType = sourcecode.swift; path = SlideOutMenu.swift; sourceTree = "<group>"; };
		A091A73F2E02A5C70047330C /* WechatViewModel.swift */ = {isa = PBXFileReference; lastKnownFileType = sourcecode.swift; path = WechatViewModel.swift; sourceTree = "<group>"; };
		A091A7412E02A6B60047330C /* CategoryModel.swift */ = {isa = PBXFileReference; lastKnownFileType = sourcecode.swift; path = CategoryModel.swift; sourceTree = "<group>"; };
		A091A7432E02B83D0047330C /* ProjectViewModel.swift */ = {isa = PBXFileReference; lastKnownFileType = sourcecode.swift; path = ProjectViewModel.swift; sourceTree = "<group>"; };
		A091A7452E02BB620047330C /* RankView.swift */ = {isa = PBXFileReference; lastKnownFileType = sourcecode.swift; path = RankView.swift; sourceTree = "<group>"; };
		A091A7472E03E61B0047330C /* ToastManager.swift */ = {isa = PBXFileReference; lastKnownFileType = sourcecode.swift; path = ToastManager.swift; sourceTree = "<group>"; };
		A091A7492E03E62B0047330C /* AlertManager.swift */ = {isa = PBXFileReference; lastKnownFileType = sourcecode.swift; path = AlertManager.swift; sourceTree = "<group>"; };
		A091A74C2E03E76C0047330C /* ToastViewModifier.swift */ = {isa = PBXFileReference; lastKnownFileType = sourcecode.swift; path = ToastViewModifier.swift; sourceTree = "<group>"; };
/* End PBXFileReference section */

/* Begin PBXFrameworksBuildPhase section */
		A01EEB9B2DFBC8CB007A207C /* Frameworks */ = {
			isa = PBXFrameworksBuildPhase;
			buildActionMask = 2147483647;
			files = (
				A08FDAAB2DFC09B700945834 /* Alamofire in Frameworks */,
				A08FDAB32DFC30A700945834 /* NukeUI in Frameworks */,
			);
			runOnlyForDeploymentPostprocessing = 0;
		};
		A01EEBAB2DFBC8CE007A207C /* Frameworks */ = {
			isa = PBXFrameworksBuildPhase;
			buildActionMask = 2147483647;
			files = (
			);
			runOnlyForDeploymentPostprocessing = 0;
		};
		A01EEBB52DFBC8CE007A207C /* Frameworks */ = {
			isa = PBXFrameworksBuildPhase;
			buildActionMask = 2147483647;
			files = (
			);
			runOnlyForDeploymentPostprocessing = 0;
		};
/* End PBXFrameworksBuildPhase section */

/* Begin PBXGroup section */
		A01EEB952DFBC8CB007A207C = {
			isa = PBXGroup;
			children = (
				A01EEBA02DFBC8CB007A207C /* wanandroid */,
				A01EEBB12DFBC8CE007A207C /* wanandroidTests */,
				A01EEBBB2DFBC8CE007A207C /* wanandroidUITests */,
				A01EEB9F2DFBC8CB007A207C /* Products */,
				A08FDAA92DFC09B700945834 /* Frameworks */,
			);
			sourceTree = "<group>";
		};
		A01EEB9F2DFBC8CB007A207C /* Products */ = {
			isa = PBXGroup;
			children = (
				A01EEB9E2DFBC8CB007A207C /* wanandroid.app */,
				A01EEBAE2DFBC8CE007A207C /* wanandroidTests.xctest */,
				A01EEBB82DFBC8CE007A207C /* wanandroidUITests.xctest */,
			);
			name = Products;
			sourceTree = "<group>";
		};
		A01EEBA02DFBC8CB007A207C /* wanandroid */ = {
			isa = PBXGroup;
			children = (
				A091A74B2E03E74E0047330C /* ext */,
				A091A7302E00218F0047330C /* req */,
				A08FDAB42DFFE52600945834 /* widget */,
				A08FDA912DFBF38B00945834 /* Utills */,
				A08FDA902DFBF37B00945834 /* Model */,
				A08FDA8F2DFBF36B00945834 /* ViewModel */,
				A08FDA8E2DFBF35500945834 /* View */,
				A01EEBA12DFBC8CB007A207C /* wanandroidApp.swift */,
				A01EEBA32DFBC8CB007A207C /* ContentView.swift */,
				A01EEBA52DFBC8CD007A207C /* Assets.xcassets */,
				A01EEBA72DFBC8CD007A207C /* Preview Content */,
			);
			path = wanandroid;
			sourceTree = "<group>";
		};
		A01EEBA72DFBC8CD007A207C /* Preview Content */ = {
			isa = PBXGroup;
			children = (
				A01EEBA82DFBC8CD007A207C /* Preview Assets.xcassets */,
			);
			path = "Preview Content";
			sourceTree = "<group>";
		};
		A01EEBB12DFBC8CE007A207C /* wanandroidTests */ = {
			isa = PBXGroup;
			children = (
				A01EEBB22DFBC8CE007A207C /* wanandroidTests.swift */,
			);
			path = wanandroidTests;
			sourceTree = "<group>";
		};
		A01EEBBB2DFBC8CE007A207C /* wanandroidUITests */ = {
			isa = PBXGroup;
			children = (
				A01EEBBC2DFBC8CE007A207C /* wanandroidUITests.swift */,
				A01EEBBE2DFBC8CE007A207C /* wanandroidUITestsLaunchTests.swift */,
			);
			path = wanandroidUITests;
			sourceTree = "<group>";
		};
		A08FDA8E2DFBF35500945834 /* View */ = {
			isa = PBXGroup;
			children = (
				A08FDA922DFBF3F300945834 /* HomeView.swift */,
				A08FDA942DFBF66500945834 /* SquareView.swift */,
				A08FDA962DFBF6A700945834 /* WeChatView.swift */,
				A08FDA9A2DFBF6CC00945834 /* ProjectView.swift */,
				A091A7262E0003950047330C /* LoginView.swift */,
				A091A7392E0158800047330C /* ArticleDetailView.swift */,
				A091A7452E02BB620047330C /* RankView.swift */,
			);
			path = View;
			sourceTree = "<group>";
		};
		A08FDA8F2DFBF36B00945834 /* ViewModel */ = {
			isa = PBXGroup;
			children = (
				A091A7282E0010CD0047330C /* LoginViewModel.swift */,
				A08FDA9C2DFBFC3900945834 /* HomeViewModel.swift */,
				A091A7222DFFF8EF0047330C /* AFViewModel.swift */,
				A091A7242DFFFBD60047330C /* ArticleViewModel.swift */,
				A091A73F2E02A5C70047330C /* WechatViewModel.swift */,
				A091A7432E02B83D0047330C /* ProjectViewModel.swift */,
			);
			name = ViewModel;
			sourceTree = "<group>";
		};
		A08FDA902DFBF37B00945834 /* Model */ = {
			isa = PBXGroup;
			children = (
				A08FDAA02DFBFCEB00945834 /* Constant.swift */,
				A08FDAA42DFBFEAE00945834 /* BaseResponse.swift */,
				A08FDAA62DFC048E00945834 /* ArticleWrap.swift */,
				A08FDAAF2DFC2F0700945834 /* Banner.swift */,
				A091A72C2E0016190047330C /* UserModel.swift */,
				A091A7412E02A6B60047330C /* CategoryModel.swift */,
			);
			name = Model;
			sourceTree = "<group>";
		};
		A08FDA912DFBF38B00945834 /* Utills */ = {
			isa = PBXGroup;
			children = (
				A091A7332E0021B30047330C /* Extension.swift */,
				A091A7372E0151960047330C /* AccountManager.swift */,
				A091A7472E03E61B0047330C /* ToastManager.swift */,
				A091A7492E03E62B0047330C /* AlertManager.swift */,
			);
			name = Utills;
			sourceTree = "<group>";
		};
		A08FDAA92DFC09B700945834 /* Frameworks */ = {
			isa = PBXGroup;
			children = (
			);
			name = Frameworks;
			sourceTree = "<group>";
		};
		A08FDAB42DFFE52600945834 /* widget */ = {
			isa = PBXGroup;
			children = (
				A08FDAB52DFFE54300945834 /* ArticleView.swift */,
				A091A73B2E01589A0047330C /* WebView.swift */,
				A091A73D2E0168110047330C /* SlideOutMenu.swift */,
			);
			name = widget;
			sourceTree = "<group>";
		};
		A091A7302E00218F0047330C /* req */ = {
			isa = PBXGroup;
			children = (
				A091A7312E00219C0047330C /* LoginReq.swift */,
				A091A7352E0027350047330C /* RegisterReq.swift */,
			);
			path = req;
			sourceTree = "<group>";
		};
		A091A74B2E03E74E0047330C /* ext */ = {
			isa = PBXGroup;
			children = (
				A091A74C2E03E76C0047330C /* ToastViewModifier.swift */,
			);
			name = ext;
			sourceTree = "<group>";
		};
/* End PBXGroup section */

/* Begin PBXNativeTarget section */
		A01EEB9D2DFBC8CB007A207C /* wanandroid */ = {
			isa = PBXNativeTarget;
			buildConfigurationList = A01EEBC22DFBC8CE007A207C /* Build configuration list for PBXNativeTarget "wanandroid" */;
			buildPhases = (
				A01EEB9A2DFBC8CB007A207C /* Sources */,
				A01EEB9B2DFBC8CB007A207C /* Frameworks */,
				A01EEB9C2DFBC8CB007A207C /* Resources */,
			);
			buildRules = (
			);
			dependencies = (
			);
			name = wanandroid;
			packageProductDependencies = (
				A08FDAAA2DFC09B700945834 /* Alamofire */,
				A08FDAB22DFC30A700945834 /* NukeUI */,
			);
			productName = wanandroid;
			productReference = A01EEB9E2DFBC8CB007A207C /* wanandroid.app */;
			productType = "com.apple.product-type.application";
		};
		A01EEBAD2DFBC8CE007A207C /* wanandroidTests */ = {
			isa = PBXNativeTarget;
			buildConfigurationList = A01EEBC52DFBC8CE007A207C /* Build configuration list for PBXNativeTarget "wanandroidTests" */;
			buildPhases = (
				A01EEBAA2DFBC8CE007A207C /* Sources */,
				A01EEBAB2DFBC8CE007A207C /* Frameworks */,
				A01EEBAC2DFBC8CE007A207C /* Resources */,
			);
			buildRules = (
			);
			dependencies = (
				A01EEBB02DFBC8CE007A207C /* PBXTargetDependency */,
			);
			name = wanandroidTests;
			productName = wanandroidTests;
			productReference = A01EEBAE2DFBC8CE007A207C /* wanandroidTests.xctest */;
			productType = "com.apple.product-type.bundle.unit-test";
		};
		A01EEBB72DFBC8CE007A207C /* wanandroidUITests */ = {
			isa = PBXNativeTarget;
			buildConfigurationList = A01EEBC82DFBC8CE007A207C /* Build configuration list for PBXNativeTarget "wanandroidUITests" */;
			buildPhases = (
				A01EEBB42DFBC8CE007A207C /* Sources */,
				A01EEBB52DFBC8CE007A207C /* Frameworks */,
				A01EEBB62DFBC8CE007A207C /* Resources */,
			);
			buildRules = (
			);
			dependencies = (
				A01EEBBA2DFBC8CE007A207C /* PBXTargetDependency */,
			);
			name = wanandroidUITests;
			productName = wanandroidUITests;
			productReference = A01EEBB82DFBC8CE007A207C /* wanandroidUITests.xctest */;
			productType = "com.apple.product-type.bundle.ui-testing";
		};
/* End PBXNativeTarget section */

/* Begin PBXProject section */
		A01EEB962DFBC8CB007A207C /* Project object */ = {
			isa = PBXProject;
			attributes = {
				BuildIndependentTargetsInParallel = 1;
				LastSwiftUpdateCheck = 1520;
				LastUpgradeCheck = 1520;
				TargetAttributes = {
					A01EEB9D2DFBC8CB007A207C = {
						CreatedOnToolsVersion = 15.2;
					};
					A01EEBAD2DFBC8CE007A207C = {
						CreatedOnToolsVersion = 15.2;
						TestTargetID = A01EEB9D2DFBC8CB007A207C;
					};
					A01EEBB72DFBC8CE007A207C = {
						CreatedOnToolsVersion = 15.2;
						TestTargetID = A01EEB9D2DFBC8CB007A207C;
					};
				};
			};
			buildConfigurationList = A01EEB992DFBC8CB007A207C /* Build configuration list for PBXProject "wanandroid" */;
			compatibilityVersion = "Xcode 14.0";
			developmentRegion = en;
			hasScannedForEncodings = 0;
			knownRegions = (
				en,
				Base,
			);
			mainGroup = A01EEB952DFBC8CB007A207C;
			packageReferences = (
				A08FDAA82DFC08BF00945834 /* XCRemoteSwiftPackageReference "Alamofire" */,
				A08FDAAC2DFC2E0500945834 /* XCRemoteSwiftPackageReference "Nuke" */,
			);
			productRefGroup = A01EEB9F2DFBC8CB007A207C /* Products */;
			projectDirPath = "";
			projectRoot = "";
			targets = (
				A01EEB9D2DFBC8CB007A207C /* wanandroid */,
				A01EEBAD2DFBC8CE007A207C /* wanandroidTests */,
				A01EEBB72DFBC8CE007A207C /* wanandroidUITests */,
			);
		};
/* End PBXProject section */

/* Begin PBXResourcesBuildPhase section */
		A01EEB9C2DFBC8CB007A207C /* Resources */ = {
			isa = PBXResourcesBuildPhase;
			buildActionMask = 2147483647;
			files = (
				A01EEBA92DFBC8CD007A207C /* Preview Assets.xcassets in Resources */,
				A01EEBA62DFBC8CD007A207C /* Assets.xcassets in Resources */,
			);
			runOnlyForDeploymentPostprocessing = 0;
		};
		A01EEBAC2DFBC8CE007A207C /* Resources */ = {
			isa = PBXResourcesBuildPhase;
			buildActionMask = 2147483647;
			files = (
			);
			runOnlyForDeploymentPostprocessing = 0;
		};
		A01EEBB62DFBC8CE007A207C /* Resources */ = {
			isa = PBXResourcesBuildPhase;
			buildActionMask = 2147483647;
			files = (
			);
			runOnlyForDeploymentPostprocessing = 0;
		};
/* End PBXResourcesBuildPhase section */

/* Begin PBXSourcesBuildPhase section */
		A01EEB9A2DFBC8CB007A207C /* Sources */ = {
			isa = PBXSourcesBuildPhase;
			buildActionMask = 2147483647;
			files = (
				A091A7462E02BB620047330C /* RankView.swift in Sources */,
				A091A72D2E0016190047330C /* UserModel.swift in Sources */,
				A091A74A2E03E62B0047330C /* AlertManager.swift in Sources */,
				A091A7382E0151960047330C /* AccountManager.swift in Sources */,
				A08FDA932DFBF3F300945834 /* HomeView.swift in Sources */,
				A01EEBA42DFBC8CB007A207C /* ContentView.swift in Sources */,
				A08FDAA12DFBFCEB00945834 /* Constant.swift in Sources */,
				A01EEBA22DFBC8CB007A207C /* wanandroidApp.swift in Sources */,
				A091A7252DFFFBD60047330C /* ArticleViewModel.swift in Sources */,
				A08FDA9D2DFBFC3900945834 /* HomeViewModel.swift in Sources */,
				A08FDAB02DFC2F0700945834 /* Banner.swift in Sources */,
				A091A74D2E03E76C0047330C /* ToastViewModifier.swift in Sources */,
				A091A73C2E01589A0047330C /* WebView.swift in Sources */,
				A091A7402E02A5C70047330C /* WechatViewModel.swift in Sources */,
				A091A7362E0027350047330C /* RegisterReq.swift in Sources */,
				A091A73E2E0168110047330C /* SlideOutMenu.swift in Sources */,
				A08FDA9B2DFBF6CC00945834 /* ProjectView.swift in Sources */,
				A08FDA972DFBF6A700945834 /* WeChatView.swift in Sources */,
				A091A7292E0010CD0047330C /* LoginViewModel.swift in Sources */,
				A08FDAA72DFC048E00945834 /* ArticleWrap.swift in Sources */,
				A08FDA952DFBF66500945834 /* SquareView.swift in Sources */,
				A091A7422E02A6B60047330C /* CategoryModel.swift in Sources */,
				A091A7442E02B83D0047330C /* ProjectViewModel.swift in Sources */,
				A091A7482E03E61B0047330C /* ToastManager.swift in Sources */,
				A091A7322E00219C0047330C /* LoginReq.swift in Sources */,
				A091A7342E0021B30047330C /* Extension.swift in Sources */,
				A091A7232DFFF8EF0047330C /* AFViewModel.swift in Sources */,
				A08FDAB62DFFE54300945834 /* ArticleView.swift in Sources */,
				A091A7272E0003950047330C /* LoginView.swift in Sources */,
				A08FDAA52DFBFEAE00945834 /* BaseResponse.swift in Sources */,
				A091A73A2E0158800047330C /* ArticleDetailView.swift in Sources */,
			);
			runOnlyForDeploymentPostprocessing = 0;
		};
		A01EEBAA2DFBC8CE007A207C /* Sources */ = {
			isa = PBXSourcesBuildPhase;
			buildActionMask = 2147483647;
			files = (
				A01EEBB32DFBC8CE007A207C /* wanandroidTests.swift in Sources */,
			);
			runOnlyForDeploymentPostprocessing = 0;
		};
		A01EEBB42DFBC8CE007A207C /* Sources */ = {
			isa = PBXSourcesBuildPhase;
			buildActionMask = 2147483647;
			files = (
				A01EEBBD2DFBC8CE007A207C /* wanandroidUITests.swift in Sources */,
				A01EEBBF2DFBC8CE007A207C /* wanandroidUITestsLaunchTests.swift in Sources */,
			);
			runOnlyForDeploymentPostprocessing = 0;
		};
/* End PBXSourcesBuildPhase section */

/* Begin PBXTargetDependency section */
		A01EEBB02DFBC8CE007A207C /* PBXTargetDependency */ = {
			isa = PBXTargetDependency;
			target = A01EEB9D2DFBC8CB007A207C /* wanandroid */;
			targetProxy = A01EEBAF2DFBC8CE007A207C /* PBXContainerItemProxy */;
		};
		A01EEBBA2DFBC8CE007A207C /* PBXTargetDependency */ = {
			isa = PBXTargetDependency;
			target = A01EEB9D2DFBC8CB007A207C /* wanandroid */;
			targetProxy = A01EEBB92DFBC8CE007A207C /* PBXContainerItemProxy */;
		};
/* End PBXTargetDependency section */

/* Begin XCBuildConfiguration section */
		A01EEBC02DFBC8CE007A207C /* Debug */ = {
			isa = XCBuildConfiguration;
			buildSettings = {
				ALWAYS_SEARCH_USER_PATHS = NO;
				ASSETCATALOG_COMPILER_GENERATE_SWIFT_ASSET_SYMBOL_EXTENSIONS = YES;
				CLANG_ANALYZER_NONNULL = YES;
				CLANG_ANALYZER_NUMBER_OBJECT_CONVERSION = YES_AGGRESSIVE;
				CLANG_CXX_LANGUAGE_STANDARD = "gnu++20";
				CLANG_ENABLE_MODULES = YES;
				CLANG_ENABLE_OBJC_ARC = YES;
				CLANG_ENABLE_OBJC_WEAK = YES;
				CLANG_WARN_BLOCK_CAPTURE_AUTORELEASING = YES;
				CLANG_WARN_BOOL_CONVERSION = YES;
				CLANG_WARN_COMMA = YES;
				CLANG_WARN_CONSTANT_CONVERSION = YES;
				CLANG_WARN_DEPRECATED_OBJC_IMPLEMENTATIONS = YES;
				CLANG_WARN_DIRECT_OBJC_ISA_USAGE = YES_ERROR;
				CLANG_WARN_DOCUMENTATION_COMMENTS = YES;
				CLANG_WARN_EMPTY_BODY = YES;
				CLANG_WARN_ENUM_CONVERSION = YES;
				CLANG_WARN_INFINITE_RECURSION = YES;
				CLANG_WARN_INT_CONVERSION = YES;
				CLANG_WARN_NON_LITERAL_NULL_CONVERSION = YES;
				CLANG_WARN_OBJC_IMPLICIT_RETAIN_SELF = YES;
				CLANG_WARN_OBJC_LITERAL_CONVERSION = YES;
				CLANG_WARN_OBJC_ROOT_CLASS = YES_ERROR;
				CLANG_WARN_QUOTED_INCLUDE_IN_FRAMEWORK_HEADER = YES;
				CLANG_WARN_RANGE_LOOP_ANALYSIS = YES;
				CLANG_WARN_STRICT_PROTOTYPES = YES;
				CLANG_WARN_SUSPICIOUS_MOVE = YES;
				CLANG_WARN_UNGUARDED_AVAILABILITY = YES_AGGRESSIVE;
				CLANG_WARN_UNREACHABLE_CODE = YES;
				CLANG_WARN__DUPLICATE_METHOD_MATCH = YES;
				COPY_PHASE_STRIP = NO;
				DEBUG_INFORMATION_FORMAT = dwarf;
				ENABLE_STRICT_OBJC_MSGSEND = YES;
				ENABLE_TESTABILITY = YES;
				ENABLE_USER_SCRIPT_SANDBOXING = YES;
				GCC_C_LANGUAGE_STANDARD = gnu17;
				GCC_DYNAMIC_NO_PIC = NO;
				GCC_NO_COMMON_BLOCKS = YES;
				GCC_OPTIMIZATION_LEVEL = 0;
				GCC_PREPROCESSOR_DEFINITIONS = (
					"DEBUG=1",
					"$(inherited)",
				);
				GCC_WARN_64_TO_32_BIT_CONVERSION = YES;
				GCC_WARN_ABOUT_RETURN_TYPE = YES_ERROR;
				GCC_WARN_UNDECLARED_SELECTOR = YES;
				GCC_WARN_UNINITIALIZED_AUTOS = YES_AGGRESSIVE;
				GCC_WARN_UNUSED_FUNCTION = YES;
				GCC_WARN_UNUSED_VARIABLE = YES;
				IPHONEOS_DEPLOYMENT_TARGET = 17.2;
				LOCALIZATION_PREFERS_STRING_CATALOGS = YES;
				MTL_ENABLE_DEBUG_INFO = INCLUDE_SOURCE;
				MTL_FAST_MATH = YES;
				ONLY_ACTIVE_ARCH = YES;
				SDKROOT = iphoneos;
				SWIFT_ACTIVE_COMPILATION_CONDITIONS = "DEBUG $(inherited)";
				SWIFT_OPTIMIZATION_LEVEL = "-Onone";
			};
			name = Debug;
		};
		A01EEBC12DFBC8CE007A207C /* Release */ = {
			isa = XCBuildConfiguration;
			buildSettings = {
				ALWAYS_SEARCH_USER_PATHS = NO;
				ASSETCATALOG_COMPILER_GENERATE_SWIFT_ASSET_SYMBOL_EXTENSIONS = YES;
				CLANG_ANALYZER_NONNULL = YES;
				CLANG_ANALYZER_NUMBER_OBJECT_CONVERSION = YES_AGGRESSIVE;
				CLANG_CXX_LANGUAGE_STANDARD = "gnu++20";
				CLANG_ENABLE_MODULES = YES;
				CLANG_ENABLE_OBJC_ARC = YES;
				CLANG_ENABLE_OBJC_WEAK = YES;
				CLANG_WARN_BLOCK_CAPTURE_AUTORELEASING = YES;
				CLANG_WARN_BOOL_CONVERSION = YES;
				CLANG_WARN_COMMA = YES;
				CLANG_WARN_CONSTANT_CONVERSION = YES;
				CLANG_WARN_DEPRECATED_OBJC_IMPLEMENTATIONS = YES;
				CLANG_WARN_DIRECT_OBJC_ISA_USAGE = YES_ERROR;
				CLANG_WARN_DOCUMENTATION_COMMENTS = YES;
				CLANG_WARN_EMPTY_BODY = YES;
				CLANG_WARN_ENUM_CONVERSION = YES;
				CLANG_WARN_INFINITE_RECURSION = YES;
				CLANG_WARN_INT_CONVERSION = YES;
				CLANG_WARN_NON_LITERAL_NULL_CONVERSION = YES;
				CLANG_WARN_OBJC_IMPLICIT_RETAIN_SELF = YES;
				CLANG_WARN_OBJC_LITERAL_CONVERSION = YES;
				CLANG_WARN_OBJC_ROOT_CLASS = YES_ERROR;
				CLANG_WARN_QUOTED_INCLUDE_IN_FRAMEWORK_HEADER = YES;
				CLANG_WARN_RANGE_LOOP_ANALYSIS = YES;
				CLANG_WARN_STRICT_PROTOTYPES = YES;
				CLANG_WARN_SUSPICIOUS_MOVE = YES;
				CLANG_WARN_UNGUARDED_AVAILABILITY = YES_AGGRESSIVE;
				CLANG_WARN_UNREACHABLE_CODE = YES;
				CLANG_WARN__DUPLICATE_METHOD_MATCH = YES;
				COPY_PHASE_STRIP = NO;
				DEBUG_INFORMATION_FORMAT = "dwarf-with-dsym";
				ENABLE_NS_ASSERTIONS = NO;
				ENABLE_STRICT_OBJC_MSGSEND = YES;
				ENABLE_USER_SCRIPT_SANDBOXING = YES;
				GCC_C_LANGUAGE_STANDARD = gnu17;
				GCC_NO_COMMON_BLOCKS = YES;
				GCC_WARN_64_TO_32_BIT_CONVERSION = YES;
				GCC_WARN_ABOUT_RETURN_TYPE = YES_ERROR;
				GCC_WARN_UNDECLARED_SELECTOR = YES;
				GCC_WARN_UNINITIALIZED_AUTOS = YES_AGGRESSIVE;
				GCC_WARN_UNUSED_FUNCTION = YES;
				GCC_WARN_UNUSED_VARIABLE = YES;
				IPHONEOS_DEPLOYMENT_TARGET = 17.2;
				LOCALIZATION_PREFERS_STRING_CATALOGS = YES;
				MTL_ENABLE_DEBUG_INFO = NO;
				MTL_FAST_MATH = YES;
				SDKROOT = iphoneos;
				SWIFT_COMPILATION_MODE = wholemodule;
				VALIDATE_PRODUCT = YES;
			};
			name = Release;
		};
		A01EEBC32DFBC8CE007A207C /* Debug */ = {
			isa = XCBuildConfiguration;
			buildSettings = {
				ASSETCATALOG_COMPILER_APPICON_NAME = AppIcon;
				ASSETCATALOG_COMPILER_GLOBAL_ACCENT_COLOR_NAME = AccentColor;
				CODE_SIGN_STYLE = Automatic;
				CURRENT_PROJECT_VERSION = 1;
				DEVELOPMENT_ASSET_PATHS = "\"wanandroid/Preview Content\"";
				DEVELOPMENT_TEAM = 8RMNA5X3Z4;
				ENABLE_PREVIEWS = YES;
				GENERATE_INFOPLIST_FILE = YES;
				INFOPLIST_KEY_UIApplicationSceneManifest_Generation = YES;
				INFOPLIST_KEY_UIApplicationSupportsIndirectInputEvents = YES;
				INFOPLIST_KEY_UILaunchScreen_Generation = YES;
				INFOPLIST_KEY_UISupportedInterfaceOrientations_iPad = "UIInterfaceOrientationPortrait UIInterfaceOrientationPortraitUpsideDown UIInterfaceOrientationLandscapeLeft UIInterfaceOrientationLandscapeRight";
				INFOPLIST_KEY_UISupportedInterfaceOrientations_iPhone = "UIInterfaceOrientationPortrait UIInterfaceOrientationLandscapeLeft UIInterfaceOrientationLandscapeRight";
				LD_RUNPATH_SEARCH_PATHS = (
					"$(inherited)",
					"@executable_path/Frameworks",
				);
				MARKETING_VERSION = 1.0;
				PRODUCT_BUNDLE_IDENTIFIER = iichen.wanandroid;
				PRODUCT_NAME = "$(TARGET_NAME)";
				SWIFT_EMIT_LOC_STRINGS = YES;
				SWIFT_VERSION = 5.0;
				TARGETED_DEVICE_FAMILY = "1,2";
			};
			name = Debug;
		};
		A01EEBC42DFBC8CE007A207C /* Release */ = {
			isa = XCBuildConfiguration;
			buildSettings = {
				ASSETCATALOG_COMPILER_APPICON_NAME = AppIcon;
				ASSETCATALOG_COMPILER_GLOBAL_ACCENT_COLOR_NAME = AccentColor;
				CODE_SIGN_STYLE = Automatic;
				CURRENT_PROJECT_VERSION = 1;
				DEVELOPMENT_ASSET_PATHS = "\"wanandroid/Preview Content\"";
				DEVELOPMENT_TEAM = 8RMNA5X3Z4;
				ENABLE_PREVIEWS = YES;
				GENERATE_INFOPLIST_FILE = YES;
				INFOPLIST_KEY_UIApplicationSceneManifest_Generation = YES;
				INFOPLIST_KEY_UIApplicationSupportsIndirectInputEvents = YES;
				INFOPLIST_KEY_UILaunchScreen_Generation = YES;
				INFOPLIST_KEY_UISupportedInterfaceOrientations_iPad = "UIInterfaceOrientationPortrait UIInterfaceOrientationPortraitUpsideDown UIInterfaceOrientationLandscapeLeft UIInterfaceOrientationLandscapeRight";
				INFOPLIST_KEY_UISupportedInterfaceOrientations_iPhone = "UIInterfaceOrientationPortrait UIInterfaceOrientationLandscapeLeft UIInterfaceOrientationLandscapeRight";
				LD_RUNPATH_SEARCH_PATHS = (
					"$(inherited)",
					"@executable_path/Frameworks",
				);
				MARKETING_VERSION = 1.0;
				PRODUCT_BUNDLE_IDENTIFIER = iichen.wanandroid;
				PRODUCT_NAME = "$(TARGET_NAME)";
				SWIFT_EMIT_LOC_STRINGS = YES;
				SWIFT_VERSION = 5.0;
				TARGETED_DEVICE_FAMILY = "1,2";
			};
			name = Release;
		};
		A01EEBC62DFBC8CE007A207C /* Debug */ = {
			isa = XCBuildConfiguration;
			buildSettings = {
				ALWAYS_EMBED_SWIFT_STANDARD_LIBRARIES = YES;
				BUNDLE_LOADER = "$(TEST_HOST)";
				CODE_SIGN_STYLE = Automatic;
				CURRENT_PROJECT_VERSION = 1;
				DEVELOPMENT_TEAM = 8RMNA5X3Z4;
				GENERATE_INFOPLIST_FILE = YES;
				IPHONEOS_DEPLOYMENT_TARGET = 17.2;
				MARKETING_VERSION = 1.0;
				PRODUCT_BUNDLE_IDENTIFIER = iichen.wanandroidTests;
				PRODUCT_NAME = "$(TARGET_NAME)";
				SWIFT_EMIT_LOC_STRINGS = NO;
				SWIFT_VERSION = 5.0;
				TARGETED_DEVICE_FAMILY = "1,2";
				TEST_HOST = "$(BUILT_PRODUCTS_DIR)/wanandroid.app/$(BUNDLE_EXECUTABLE_FOLDER_PATH)/wanandroid";
			};
			name = Debug;
		};
		A01EEBC72DFBC8CE007A207C /* Release */ = {
			isa = XCBuildConfiguration;
			buildSettings = {
				ALWAYS_EMBED_SWIFT_STANDARD_LIBRARIES = YES;
				BUNDLE_LOADER = "$(TEST_HOST)";
				CODE_SIGN_STYLE = Automatic;
				CURRENT_PROJECT_VERSION = 1;
				DEVELOPMENT_TEAM = 8RMNA5X3Z4;
				GENERATE_INFOPLIST_FILE = YES;
				IPHONEOS_DEPLOYMENT_TARGET = 17.2;
				MARKETING_VERSION = 1.0;
				PRODUCT_BUNDLE_IDENTIFIER = iichen.wanandroidTests;
				PRODUCT_NAME = "$(TARGET_NAME)";
				SWIFT_EMIT_LOC_STRINGS = NO;
				SWIFT_VERSION = 5.0;
				TARGETED_DEVICE_FAMILY = "1,2";
				TEST_HOST = "$(BUILT_PRODUCTS_DIR)/wanandroid.app/$(BUNDLE_EXECUTABLE_FOLDER_PATH)/wanandroid";
			};
			name = Release;
		};
		A01EEBC92DFBC8CE007A207C /* Debug */ = {
			isa = XCBuildConfiguration;
			buildSettings = {
				ALWAYS_EMBED_SWIFT_STANDARD_LIBRARIES = YES;
				CODE_SIGN_STYLE = Automatic;
				CURRENT_PROJECT_VERSION = 1;
				DEVELOPMENT_TEAM = 8RMNA5X3Z4;
				GENERATE_INFOPLIST_FILE = YES;
				MARKETING_VERSION = 1.0;
				PRODUCT_BUNDLE_IDENTIFIER = iichen.wanandroidUITests;
				PRODUCT_NAME = "$(TARGET_NAME)";
				SWIFT_EMIT_LOC_STRINGS = NO;
				SWIFT_VERSION = 5.0;
				TARGETED_DEVICE_FAMILY = "1,2";
				TEST_TARGET_NAME = wanandroid;
			};
			name = Debug;
		};
		A01EEBCA2DFBC8CE007A207C /* Release */ = {
			isa = XCBuildConfiguration;
			buildSettings = {
				ALWAYS_EMBED_SWIFT_STANDARD_LIBRARIES = YES;
				CODE_SIGN_STYLE = Automatic;
				CURRENT_PROJECT_VERSION = 1;
				DEVELOPMENT_TEAM = 8RMNA5X3Z4;
				GENERATE_INFOPLIST_FILE = YES;
				MARKETING_VERSION = 1.0;
				PRODUCT_BUNDLE_IDENTIFIER = iichen.wanandroidUITests;
				PRODUCT_NAME = "$(TARGET_NAME)";
				SWIFT_EMIT_LOC_STRINGS = NO;
				SWIFT_VERSION = 5.0;
				TARGETED_DEVICE_FAMILY = "1,2";
				TEST_TARGET_NAME = wanandroid;
			};
			name = Release;
		};
/* End XCBuildConfiguration section */

/* Begin XCConfigurationList section */
		A01EEB992DFBC8CB007A207C /* Build configuration list for PBXProject "wanandroid" */ = {
			isa = XCConfigurationList;
			buildConfigurations = (
				A01EEBC02DFBC8CE007A207C /* Debug */,
				A01EEBC12DFBC8CE007A207C /* Release */,
			);
			defaultConfigurationIsVisible = 0;
			defaultConfigurationName = Release;
		};
		A01EEBC22DFBC8CE007A207C /* Build configuration list for PBXNativeTarget "wanandroid" */ = {
			isa = XCConfigurationList;
			buildConfigurations = (
				A01EEBC32DFBC8CE007A207C /* Debug */,
				A01EEBC42DFBC8CE007A207C /* Release */,
			);
			defaultConfigurationIsVisible = 0;
			defaultConfigurationName = Release;
		};
		A01EEBC52DFBC8CE007A207C /* Build configuration list for PBXNativeTarget "wanandroidTests" */ = {
			isa = XCConfigurationList;
			buildConfigurations = (
				A01EEBC62DFBC8CE007A207C /* Debug */,
				A01EEBC72DFBC8CE007A207C /* Release */,
			);
			defaultConfigurationIsVisible = 0;
			defaultConfigurationName = Release;
		};
		A01EEBC82DFBC8CE007A207C /* Build configuration list for PBXNativeTarget "wanandroidUITests" */ = {
			isa = XCConfigurationList;
			buildConfigurations = (
				A01EEBC92DFBC8CE007A207C /* Debug */,
				A01EEBCA2DFBC8CE007A207C /* Release */,
			);
			defaultConfigurationIsVisible = 0;
			defaultConfigurationName = Release;
		};
/* End XCConfigurationList section */

/* Begin XCRemoteSwiftPackageReference section */
		A08FDAA82DFC08BF00945834 /* XCRemoteSwiftPackageReference "Alamofire" */ = {
			isa = XCRemoteSwiftPackageReference;
			repositoryURL = "https://github.com/Alamofire/Alamofire";
			requirement = {
				kind = upToNextMajorVersion;
				minimumVersion = 5.10.2;
			};
		};
		A08FDAAC2DFC2E0500945834 /* XCRemoteSwiftPackageReference "Nuke" */ = {
			isa = XCRemoteSwiftPackageReference;
			repositoryURL = "https://github.com/kean/Nuke";
			requirement = {
				kind = upToNextMajorVersion;
				minimumVersion = 12.8.0;
			};
		};
/* End XCRemoteSwiftPackageReference section */

/* Begin XCSwiftPackageProductDependency section */
		A08FDAAA2DFC09B700945834 /* Alamofire */ = {
			isa = XCSwiftPackageProductDependency;
			package = A08FDAA82DFC08BF00945834 /* XCRemoteSwiftPackageReference "Alamofire" */;
			productName = Alamofire;
		};
		A08FDAB22DFC30A700945834 /* NukeUI */ = {
			isa = XCSwiftPackageProductDependency;
			package = A08FDAAC2DFC2E0500945834 /* XCRemoteSwiftPackageReference "Nuke" */;
			productName = NukeUI;
		};
/* End XCSwiftPackageProductDependency section */
	};
	rootObject = A01EEB962DFBC8CB007A207C /* Project object */;
}
